
Microsoft Visual Studio Solution File, Format Version 12.00
# Visual Studio 15
VisualStudioVersion = 15.0.27428.2015
MinimumVisualStudioVersion = 10.0.40219.1
Project("{FAE04EC0-301F-11D3-BF4B-00C04F79EFBC}") = "Factorio_MC_Bridge", "Factorio_MC_Bridge\Factorio_MC_Bridge.csproj", "{81B433E8-D14E-4550-B843-C810B666F3DE}"
EndProject
Global
	GlobalSection(SolutionConfigurationPlatforms) = preSolution
		Debug|Any CPU = Debug|Any CPU
		Release|Any CPU = Release|Any CPU
	EndGlobalSection
	GlobalSection(ProjectConfigurationPlatforms) = postSolution
		{81B433E8-D14E-4550-B843-C810B666F3DE}.Debug|Any CPU.ActiveCfg = Debug|Any CPU
		{81B433E8-D14E-4550-B843-C810B666F3DE}.Debug|Any CPU.Build.0 = Debug|Any CPU
		{81B433E8-D14E-4550-B843-C810B666F3DE}.Release|Any CPU.ActiveCfg = Release|Any CPU
		{81B433E8-D14E-4550-B843-C810B666F3DE}.Release|Any CPU.Build.0 = Release|Any CPU
	EndGlobalSection
	GlobalSection(SolutionProperties) = preSolution
		HideSolutionNode = FALSE
	EndGlobalSection
	GlobalSection(ExtensibilityGlobals) = postSolution
		SolutionGuid = {22009087-8D23-4B05-A785-FDCF24C870C7}
	EndGlobalSection
EndGlobal
